
Microsoft Visual Studio Solution File, Format Version 12.00
# Visual Studio 14
VisualStudioVersion = 14.0.25420.1
MinimumVisualStudioVersion = 10.0.40219.1
Project("{FAE04EC0-301F-11D3-BF4B-00C04F79EFBC}") = "CustomizedUsers", "CustomizedUsers\CustomizedUsers.csproj", "{2A0D4ED1-5555-447E-B420-A1B063DA7608}"
EndProject
Project("{2150E333-8FDC-42A3-9474-1A3956D46DE8}") = "Azure", "Azure", "{0E8A475D-893B-4E89-9A15-E3931715F69B}"
EndProject
Project("{2150E333-8FDC-42A3-9474-1A3956D46DE8}") = "AzureBlobs", "AzureBlobs", "{33D4043A-A573-47F7-8AC7-9D48200D2658}"
EndProject
Project("{FAE04EC0-301F-11D3-BF4B-00C04F79EFBC}") = "Blobs", "Blobs\Blobs.csproj", "{EF6A54CF-F397-497A-B651-E56473927DAB}"
EndProject
Project("{2150E333-8FDC-42A3-9474-1A3956D46DE8}") = "AzureQueues", "AzureQueues", "{C19F3F05-D5A6-46E9-BF38-8458EFC28A4C}"
EndProject
Project("{FAE04EC0-301F-11D3-BF4B-00C04F79EFBC}") = "Queues", "Queues\Queues.csproj", "{6B658643-A18E-4955-97C7-0BACDDD38639}"
EndProject
Project("{FAE04EC0-301F-11D3-BF4B-00C04F79EFBC}") = "QueueModel", "QueueModel\QueueModel.csproj", "{548F752D-342B-479C-873A-51D5BC7DF1EA}"
EndProject
Project("{FAE04EC0-301F-11D3-BF4B-00C04F79EFBC}") = "Queue.Server", "Queue.Server\Queue.Server.csproj", "{EA3C90FB-3CF6-4565-9BCD-732DA226C57E}"
EndProject
Project("{2150E333-8FDC-42A3-9474-1A3956D46DE8}") = "AzureTables", "AzureTables", "{5CD18988-FF9E-45B5-9F18-B474812B5537}"
EndProject
Project("{FAE04EC0-301F-11D3-BF4B-00C04F79EFBC}") = "Tables", "Tables\Tables.csproj", "{3C2AF36D-0252-452C-ADE5-7F39DBDC3A66}"
EndProject
Project("{2150E333-8FDC-42A3-9474-1A3956D46DE8}") = "AzureFiles", "AzureFiles", "{D22DEF6B-5140-4EEF-9F1F-8DC03CDC6155}"
EndProject
Project("{FAE04EC0-301F-11D3-BF4B-00C04F79EFBC}") = "Files", "Files\Files.csproj", "{67759C18-A741-40CC-AF0B-5EB579A0E9D0}"
EndProject
Project("{2150E333-8FDC-42A3-9474-1A3956D46DE8}") = "AzureFunctions", "AzureFunctions", "{2C8DC510-9F00-44AA-8DBD-B3F84FD92E1B}"
EndProject
Global
	GlobalSection(SolutionConfigurationPlatforms) = preSolution
		Debug|Any CPU = Debug|Any CPU
		Release|Any CPU = Release|Any CPU
	EndGlobalSection
	GlobalSection(ProjectConfigurationPlatforms) = postSolution
		{2A0D4ED1-5555-447E-B420-A1B063DA7608}.Debug|Any CPU.ActiveCfg = Debug|Any CPU
		{2A0D4ED1-5555-447E-B420-A1B063DA7608}.Debug|Any CPU.Build.0 = Debug|Any CPU
		{2A0D4ED1-5555-447E-B420-A1B063DA7608}.Release|Any CPU.ActiveCfg = Release|Any CPU
		{2A0D4ED1-5555-447E-B420-A1B063DA7608}.Release|Any CPU.Build.0 = Release|Any CPU
		{EF6A54CF-F397-497A-B651-E56473927DAB}.Debug|Any CPU.ActiveCfg = Debug|Any CPU
		{EF6A54CF-F397-497A-B651-E56473927DAB}.Debug|Any CPU.Build.0 = Debug|Any CPU
		{EF6A54CF-F397-497A-B651-E56473927DAB}.Release|Any CPU.ActiveCfg = Release|Any CPU
		{EF6A54CF-F397-497A-B651-E56473927DAB}.Release|Any CPU.Build.0 = Release|Any CPU
		{6B658643-A18E-4955-97C7-0BACDDD38639}.Debug|Any CPU.ActiveCfg = Debug|Any CPU
		{6B658643-A18E-4955-97C7-0BACDDD38639}.Debug|Any CPU.Build.0 = Debug|Any CPU
		{6B658643-A18E-4955-97C7-0BACDDD38639}.Release|Any CPU.ActiveCfg = Release|Any CPU
		{6B658643-A18E-4955-97C7-0BACDDD38639}.Release|Any CPU.Build.0 = Release|Any CPU
		{548F752D-342B-479C-873A-51D5BC7DF1EA}.Debug|Any CPU.ActiveCfg = Debug|Any CPU
		{548F752D-342B-479C-873A-51D5BC7DF1EA}.Debug|Any CPU.Build.0 = Debug|Any CPU
		{548F752D-342B-479C-873A-51D5BC7DF1EA}.Release|Any CPU.ActiveCfg = Release|Any CPU
		{548F752D-342B-479C-873A-51D5BC7DF1EA}.Release|Any CPU.Build.0 = Release|Any CPU
		{EA3C90FB-3CF6-4565-9BCD-732DA226C57E}.Debug|Any CPU.ActiveCfg = Debug|Any CPU
		{EA3C90FB-3CF6-4565-9BCD-732DA226C57E}.Debug|Any CPU.Build.0 = Debug|Any CPU
		{EA3C90FB-3CF6-4565-9BCD-732DA226C57E}.Release|Any CPU.ActiveCfg = Release|Any CPU
		{EA3C90FB-3CF6-4565-9BCD-732DA226C57E}.Release|Any CPU.Build.0 = Release|Any CPU
		{3C2AF36D-0252-452C-ADE5-7F39DBDC3A66}.Debug|Any CPU.ActiveCfg = Debug|Any CPU
		{3C2AF36D-0252-452C-ADE5-7F39DBDC3A66}.Debug|Any CPU.Build.0 = Debug|Any CPU
		{3C2AF36D-0252-452C-ADE5-7F39DBDC3A66}.Release|Any CPU.ActiveCfg = Release|Any CPU
		{3C2AF36D-0252-452C-ADE5-7F39DBDC3A66}.Release|Any CPU.Build.0 = Release|Any CPU
		{67759C18-A741-40CC-AF0B-5EB579A0E9D0}.Debug|Any CPU.ActiveCfg = Debug|Any CPU
		{67759C18-A741-40CC-AF0B-5EB579A0E9D0}.Debug|Any CPU.Build.0 = Debug|Any CPU
		{67759C18-A741-40CC-AF0B-5EB579A0E9D0}.Release|Any CPU.ActiveCfg = Release|Any CPU
		{67759C18-A741-40CC-AF0B-5EB579A0E9D0}.Release|Any CPU.Build.0 = Release|Any CPU
	EndGlobalSection
	GlobalSection(SolutionProperties) = preSolution
		HideSolutionNode = FALSE
	EndGlobalSection
	GlobalSection(NestedProjects) = preSolution
		{33D4043A-A573-47F7-8AC7-9D48200D2658} = {0E8A475D-893B-4E89-9A15-E3931715F69B}
		{EF6A54CF-F397-497A-B651-E56473927DAB} = {33D4043A-A573-47F7-8AC7-9D48200D2658}
		{C19F3F05-D5A6-46E9-BF38-8458EFC28A4C} = {0E8A475D-893B-4E89-9A15-E3931715F69B}
		{6B658643-A18E-4955-97C7-0BACDDD38639} = {C19F3F05-D5A6-46E9-BF38-8458EFC28A4C}
		{548F752D-342B-479C-873A-51D5BC7DF1EA} = {C19F3F05-D5A6-46E9-BF38-8458EFC28A4C}
		{EA3C90FB-3CF6-4565-9BCD-732DA226C57E} = {C19F3F05-D5A6-46E9-BF38-8458EFC28A4C}
		{5CD18988-FF9E-45B5-9F18-B474812B5537} = {0E8A475D-893B-4E89-9A15-E3931715F69B}
		{3C2AF36D-0252-452C-ADE5-7F39DBDC3A66} = {5CD18988-FF9E-45B5-9F18-B474812B5537}
		{D22DEF6B-5140-4EEF-9F1F-8DC03CDC6155} = {0E8A475D-893B-4E89-9A15-E3931715F69B}
		{67759C18-A741-40CC-AF0B-5EB579A0E9D0} = {D22DEF6B-5140-4EEF-9F1F-8DC03CDC6155}
		{2C8DC510-9F00-44AA-8DBD-B3F84FD92E1B} = {0E8A475D-893B-4E89-9A15-E3931715F69B}
	EndGlobalSection
EndGlobal
